// !$*UTF8*$!
{
	archiveVersion = 1;
	classes = {
	};
	objectVersion = 56;
	objects = {

/* Begin PBXBuildFile section */
		B7BC8DC72BE02AB8007F3892 /* AppDelegate.swift in Sources */ = {isa = PBXBuildFile; fileRef = B7BC8DC62BE02AB8007F3892 /* AppDelegate.swift */; };
		B7BC8DC92BE02AB8007F3892 /* SceneDelegate.swift in Sources */ = {isa = PBXBuildFile; fileRef = B7BC8DC82BE02AB8007F3892 /* SceneDelegate.swift */; };
		B7BC8DCB2BE02AB8007F3892 /* SearchCityViewController.swift in Sources */ = {isa = PBXBuildFile; fileRef = B7BC8DCA2BE02AB8007F3892 /* SearchCityViewController.swift */; };
		B7BC8DCE2BE02AB8007F3892 /* Base in Resources */ = {isa = PBXBuildFile; fileRef = B7BC8DCD2BE02AB8007F3892 /* Base */; };
		B7BC8DD12BE02AB8007F3892 /* CityAirportSearch.xcdatamodeld in Sources */ = {isa = PBXBuildFile; fileRef = B7BC8DCF2BE02AB8007F3892 /* CityAirportSearch.xcdatamodeld */; };
		B7BC8DD32BE02AB9007F3892 /* Assets.xcassets in Resources */ = {isa = PBXBuildFile; fileRef = B7BC8DD22BE02AB9007F3892 /* Assets.xcassets */; };
		B7BC8DD62BE02AB9007F3892 /* Base in Resources */ = {isa = PBXBuildFile; fileRef = B7BC8DD52BE02AB9007F3892 /* Base */; };
		B7BC8DDF2BE03A98007F3892 /* RxBlocking in Frameworks */ = {isa = PBXBuildFile; productRef = B7BC8DDE2BE03A98007F3892 /* RxBlocking */; };
		B7BC8DE12BE03A98007F3892 /* RxCocoa in Frameworks */ = {isa = PBXBuildFile; productRef = B7BC8DE02BE03A98007F3892 /* RxCocoa */; };
		B7BC8DE32BE03A98007F3892 /* RxRelay in Frameworks */ = {isa = PBXBuildFile; productRef = B7BC8DE22BE03A98007F3892 /* RxRelay */; };
		B7BC8DE82BE03EA2007F3892 /* SearchCityViewModel.swift in Sources */ = {isa = PBXBuildFile; fileRef = B7BC8DE72BE03EA2007F3892 /* SearchCityViewModel.swift */; };
		B7BC8DEB2BE04219007F3892 /* Differentiator in Frameworks */ = {isa = PBXBuildFile; productRef = B7BC8DEA2BE04219007F3892 /* Differentiator */; };
		B7BC8DED2BE04219007F3892 /* RxDataSources in Frameworks */ = {isa = PBXBuildFile; productRef = B7BC8DEC2BE04219007F3892 /* RxDataSources */; };
/* End PBXBuildFile section */

/* Begin PBXFileReference section */
		B7BC8DC32BE02AB8007F3892 /* CityAirportSearch.app */ = {isa = PBXFileReference; explicitFileType = wrapper.application; includeInIndex = 0; path = CityAirportSearch.app; sourceTree = BUILT_PRODUCTS_DIR; };
		B7BC8DC62BE02AB8007F3892 /* AppDelegate.swift */ = {isa = PBXFileReference; lastKnownFileType = sourcecode.swift; path = AppDelegate.swift; sourceTree = "<group>"; };
		B7BC8DC82BE02AB8007F3892 /* SceneDelegate.swift */ = {isa = PBXFileReference; lastKnownFileType = sourcecode.swift; path = SceneDelegate.swift; sourceTree = "<group>"; };
		B7BC8DCA2BE02AB8007F3892 /* SearchCityViewController.swift */ = {isa = PBXFileReference; lastKnownFileType = sourcecode.swift; path = SearchCityViewController.swift; sourceTree = "<group>"; };
		B7BC8DCD2BE02AB8007F3892 /* Base */ = {isa = PBXFileReference; lastKnownFileType = file.storyboard; name = Base; path = Base.lproj/Main.storyboard; sourceTree = "<group>"; };
		B7BC8DD02BE02AB8007F3892 /* CityAirportSearch.xcdatamodel */ = {isa = PBXFileReference; lastKnownFileType = wrapper.xcdatamodel; path = CityAirportSearch.xcdatamodel; sourceTree = "<group>"; };
		B7BC8DD22BE02AB9007F3892 /* Assets.xcassets */ = {isa = PBXFileReference; lastKnownFileType = folder.assetcatalog; path = Assets.xcassets; sourceTree = "<group>"; };
		B7BC8DD52BE02AB9007F3892 /* Base */ = {isa = PBXFileReference; lastKnownFileType = file.storyboard; name = Base; path = Base.lproj/LaunchScreen.storyboard; sourceTree = "<group>"; };
		B7BC8DD72BE02AB9007F3892 /* Info.plist */ = {isa = PBXFileReference; lastKnownFileType = text.plist.xml; path = Info.plist; sourceTree = "<group>"; };
		B7BC8DE72BE03EA2007F3892 /* SearchCityViewModel.swift */ = {isa = PBXFileReference; lastKnownFileType = sourcecode.swift; path = SearchCityViewModel.swift; sourceTree = "<group>"; };
/* End PBXFileReference section */

/* Begin PBXFrameworksBuildPhase section */
		B7BC8DC02BE02AB8007F3892 /* Frameworks */ = {
			isa = PBXFrameworksBuildPhase;
			buildActionMask = 2147483647;
			files = (
				B7BC8DEB2BE04219007F3892 /* Differentiator in Frameworks */,
				B7BC8DE32BE03A98007F3892 /* RxRelay in Frameworks */,
				B7BC8DE12BE03A98007F3892 /* RxCocoa in Frameworks */,
				B7BC8DED2BE04219007F3892 /* RxDataSources in Frameworks */,
				B7BC8DDF2BE03A98007F3892 /* RxBlocking in Frameworks */,
			);
			runOnlyForDeploymentPostprocessing = 0;
		};
/* End PBXFrameworksBuildPhase section */

/* Begin PBXGroup section */
		B7BC8DBA2BE02AB8007F3892 = {
			isa = PBXGroup;
			children = (
				B7BC8DC52BE02AB8007F3892 /* CityAirportSearch */,
				B7BC8DC42BE02AB8007F3892 /* Products */,
			);
			sourceTree = "<group>";
		};
		B7BC8DC42BE02AB8007F3892 /* Products */ = {
			isa = PBXGroup;
			children = (
				B7BC8DC32BE02AB8007F3892 /* CityAirportSearch.app */,
			);
			name = Products;
			sourceTree = "<group>";
		};
		B7BC8DC52BE02AB8007F3892 /* CityAirportSearch */ = {
			isa = PBXGroup;
			children = (
				B7BC8DE62BE03E4C007F3892 /* Model */,
				B7BC8DE42BE03E2F007F3892 /* View */,
				B7BC8DE52BE03E41007F3892 /* ViewModel */,
				B7BC8DC62BE02AB8007F3892 /* AppDelegate.swift */,
				B7BC8DC82BE02AB8007F3892 /* SceneDelegate.swift */,
				B7BC8DD22BE02AB9007F3892 /* Assets.xcassets */,
				B7BC8DCC2BE02AB8007F3892 /* Main.storyboard */,
				B7BC8DD42BE02AB9007F3892 /* LaunchScreen.storyboard */,
				B7BC8DD72BE02AB9007F3892 /* Info.plist */,
				B7BC8DCF2BE02AB8007F3892 /* CityAirportSearch.xcdatamodeld */,
			);
			path = CityAirportSearch;
			sourceTree = "<group>";
		};
		B7BC8DE42BE03E2F007F3892 /* View */ = {
			isa = PBXGroup;
			children = (
				B7BC8DCA2BE02AB8007F3892 /* SearchCityViewController.swift */,
			);
			path = View;
			sourceTree = "<group>";
		};
		B7BC8DE52BE03E41007F3892 /* ViewModel */ = {
			isa = PBXGroup;
			children = (
				B7BC8DE72BE03EA2007F3892 /* SearchCityViewModel.swift */,
			);
			path = ViewModel;
			sourceTree = "<group>";
		};
		B7BC8DE62BE03E4C007F3892 /* Model */ = {
			isa = PBXGroup;
			children = (
			);
			path = Model;
			sourceTree = "<group>";
		};
/* End PBXGroup section */

/* Begin PBXNativeTarget section */
		B7BC8DC22BE02AB8007F3892 /* CityAirportSearch */ = {
			isa = PBXNativeTarget;
			buildConfigurationList = B7BC8DDA2BE02AB9007F3892 /* Build configuration list for PBXNativeTarget "CityAirportSearch" */;
			buildPhases = (
				B7BC8DBF2BE02AB8007F3892 /* Sources */,
				B7BC8DC02BE02AB8007F3892 /* Frameworks */,
				B7BC8DC12BE02AB8007F3892 /* Resources */,
			);
			buildRules = (
			);
			dependencies = (
			);
			name = CityAirportSearch;
			packageProductDependencies = (
				B7BC8DDE2BE03A98007F3892 /* RxBlocking */,
				B7BC8DE02BE03A98007F3892 /* RxCocoa */,
				B7BC8DE22BE03A98007F3892 /* RxRelay */,
				B7BC8DEA2BE04219007F3892 /* Differentiator */,
				B7BC8DEC2BE04219007F3892 /* RxDataSources */,
			);
			productName = CityAirportSearch;
			productReference = B7BC8DC32BE02AB8007F3892 /* CityAirportSearch.app */;
			productType = "com.apple.product-type.application";
		};
/* End PBXNativeTarget section */

/* Begin PBXProject section */
		B7BC8DBB2BE02AB8007F3892 /* Project object */ = {
			isa = PBXProject;
			attributes = {
				BuildIndependentTargetsInParallel = 1;
				LastSwiftUpdateCheck = 1530;
				LastUpgradeCheck = 1530;
				TargetAttributes = {
					B7BC8DC22BE02AB8007F3892 = {
						CreatedOnToolsVersion = 15.3;
					};
				};
			};
			buildConfigurationList = B7BC8DBE2BE02AB8007F3892 /* Build configuration list for PBXProject "CityAirportSearch" */;
			compatibilityVersion = "Xcode 14.0";
			developmentRegion = en;
			hasScannedForEncodings = 0;
			knownRegions = (
				en,
				Base,
			);
			mainGroup = B7BC8DBA2BE02AB8007F3892;
			packageReferences = (
				B7BC8DDD2BE03A98007F3892 /* XCRemoteSwiftPackageReference "RxSwift" */,
				B7BC8DE92BE04219007F3892 /* XCRemoteSwiftPackageReference "RxDataSources" */,
			);
			productRefGroup = B7BC8DC42BE02AB8007F3892 /* Products */;
			projectDirPath = "";
			projectRoot = "";
			targets = (
				B7BC8DC22BE02AB8007F3892 /* CityAirportSearch */,
			);
		};
/* End PBXProject section */

/* Begin PBXResourcesBuildPhase section */
		B7BC8DC12BE02AB8007F3892 /* Resources */ = {
			isa = PBXResourcesBuildPhase;
			buildActionMask = 2147483647;
			files = (
				B7BC8DD32BE02AB9007F3892 /* Assets.xcassets in Resources */,
				B7BC8DD62BE02AB9007F3892 /* Base in Resources */,
				B7BC8DCE2BE02AB8007F3892 /* Base in Resources */,
			);
			runOnlyForDeploymentPostprocessing = 0;
		};
/* End PBXResourcesBuildPhase section */

/* Begin PBXSourcesBuildPhase section */
		B7BC8DBF2BE02AB8007F3892 /* Sources */ = {
			isa = PBXSourcesBuildPhase;
			buildActionMask = 2147483647;
			files = (
				B7BC8DCB2BE02AB8007F3892 /* SearchCityViewController.swift in Sources */,
				B7BC8DC72BE02AB8007F3892 /* AppDelegate.swift in Sources */,
				B7BC8DE82BE03EA2007F3892 /* SearchCityViewModel.swift in Sources */,
				B7BC8DD12BE02AB8007F3892 /* CityAirportSearch.xcdatamodeld in Sources */,
				B7BC8DC92BE02AB8007F3892 /* SceneDelegate.swift in Sources */,
			);
			runOnlyForDeploymentPostprocessing = 0;
		};
/* End PBXSourcesBuildPhase section */

/* Begin PBXVariantGroup section */
		B7BC8DCC2BE02AB8007F3892 /* Main.storyboard */ = {
			isa = PBXVariantGroup;
			children = (
				B7BC8DCD2BE02AB8007F3892 /* Base */,
			);
			name = Main.storyboard;
			sourceTree = "<group>";
		};
		B7BC8DD42BE02AB9007F3892 /* LaunchScreen.storyboard */ = {
			isa = PBXVariantGroup;
			children = (
				B7BC8DD52BE02AB9007F3892 /* Base */,
			);
			name = LaunchScreen.storyboard;
			sourceTree = "<group>";
		};
/* End PBXVariantGroup section */

/* Begin XCBuildConfiguration section */
		B7BC8DD82BE02AB9007F3892 /* Debug */ = {
			isa = XCBuildConfiguration;
			buildSettings = {
				ALWAYS_SEARCH_USER_PATHS = NO;
				ASSETCATALOG_COMPILER_GENERATE_SWIFT_ASSET_SYMBOL_EXTENSIONS = YES;
				CLANG_ANALYZER_NONNULL = YES;
				CLANG_ANALYZER_NUMBER_OBJECT_CONVERSION = YES_AGGRESSIVE;
				CLANG_CXX_LANGUAGE_STANDARD = "gnu++20";
				CLANG_ENABLE_MODULES = YES;
				CLANG_ENABLE_OBJC_ARC = YES;
				CLANG_ENABLE_OBJC_WEAK = YES;
				CLANG_WARN_BLOCK_CAPTURE_AUTORELEASING = YES;
				CLANG_WARN_BOOL_CONVERSION = YES;
				CLANG_WARN_COMMA = YES;
				CLANG_WARN_CONSTANT_CONVERSION = YES;
				CLANG_WARN_DEPRECATED_OBJC_IMPLEMENTATIONS = YES;
				CLANG_WARN_DIRECT_OBJC_ISA_USAGE = YES_ERROR;
				CLANG_WARN_DOCUMENTATION_COMMENTS = YES;
				CLANG_WARN_EMPTY_BODY = YES;
				CLANG_WARN_ENUM_CONVERSION = YES;
				CLANG_WARN_INFINITE_RECURSION = YES;
				CLANG_WARN_INT_CONVERSION = YES;
				CLANG_WARN_NON_LITERAL_NULL_CONVERSION = YES;
				CLANG_WARN_OBJC_IMPLICIT_RETAIN_SELF = YES;
				CLANG_WARN_OBJC_LITERAL_CONVERSION = YES;
				CLANG_WARN_OBJC_ROOT_CLASS = YES_ERROR;
				CLANG_WARN_QUOTED_INCLUDE_IN_FRAMEWORK_HEADER = YES;
				CLANG_WARN_RANGE_LOOP_ANALYSIS = YES;
				CLANG_WARN_STRICT_PROTOTYPES = YES;
				CLANG_WARN_SUSPICIOUS_MOVE = YES;
				CLANG_WARN_UNGUARDED_AVAILABILITY = YES_AGGRESSIVE;
				CLANG_WARN_UNREACHABLE_CODE = YES;
				CLANG_WARN__DUPLICATE_METHOD_MATCH = YES;
				COPY_PHASE_STRIP = NO;
				DEBUG_INFORMATION_FORMAT = dwarf;
				ENABLE_STRICT_OBJC_MSGSEND = YES;
				ENABLE_TESTABILITY = YES;
				ENABLE_USER_SCRIPT_SANDBOXING = YES;
				GCC_C_LANGUAGE_STANDARD = gnu17;
				GCC_DYNAMIC_NO_PIC = NO;
				GCC_NO_COMMON_BLOCKS = YES;
				GCC_OPTIMIZATION_LEVEL = 0;
				GCC_PREPROCESSOR_DEFINITIONS = (
					"DEBUG=1",
					"$(inherited)",
				);
				GCC_WARN_64_TO_32_BIT_CONVERSION = YES;
				GCC_WARN_ABOUT_RETURN_TYPE = YES_ERROR;
				GCC_WARN_UNDECLARED_SELECTOR = YES;
				GCC_WARN_UNINITIALIZED_AUTOS = YES_AGGRESSIVE;
				GCC_WARN_UNUSED_FUNCTION = YES;
				GCC_WARN_UNUSED_VARIABLE = YES;
				IPHONEOS_DEPLOYMENT_TARGET = 17.4;
				LOCALIZATION_PREFERS_STRING_CATALOGS = YES;
				MTL_ENABLE_DEBUG_INFO = INCLUDE_SOURCE;
				MTL_FAST_MATH = YES;
				ONLY_ACTIVE_ARCH = YES;
				SDKROOT = iphoneos;
				SWIFT_ACTIVE_COMPILATION_CONDITIONS = "DEBUG $(inherited)";
				SWIFT_OPTIMIZATION_LEVEL = "-Onone";
			};
			name = Debug;
		};
		B7BC8DD92BE02AB9007F3892 /* Release */ = {
			isa = XCBuildConfiguration;
			buildSettings = {
				ALWAYS_SEARCH_USER_PATHS = NO;
				ASSETCATALOG_COMPILER_GENERATE_SWIFT_ASSET_SYMBOL_EXTENSIONS = YES;
				CLANG_ANALYZER_NONNULL = YES;
				CLANG_ANALYZER_NUMBER_OBJECT_CONVERSION = YES_AGGRESSIVE;
				CLANG_CXX_LANGUAGE_STANDARD = "gnu++20";
				CLANG_ENABLE_MODULES = YES;
				CLANG_ENABLE_OBJC_ARC = YES;
				CLANG_ENABLE_OBJC_WEAK = YES;
				CLANG_WARN_BLOCK_CAPTURE_AUTORELEASING = YES;
				CLANG_WARN_BOOL_CONVERSION = YES;
				CLANG_WARN_COMMA = YES;
				CLANG_WARN_CONSTANT_CONVERSION = YES;
				CLANG_WARN_DEPRECATED_OBJC_IMPLEMENTATIONS = YES;
				CLANG_WARN_DIRECT_OBJC_ISA_USAGE = YES_ERROR;
				CLANG_WARN_DOCUMENTATION_COMMENTS = YES;
				CLANG_WARN_EMPTY_BODY = YES;
				CLANG_WARN_ENUM_CONVERSION = YES;
				CLANG_WARN_INFINITE_RECURSION = YES;
				CLANG_WARN_INT_CONVERSION = YES;
				CLANG_WARN_NON_LITERAL_NULL_CONVERSION = YES;
				CLANG_WARN_OBJC_IMPLICIT_RETAIN_SELF = YES;
				CLANG_WARN_OBJC_LITERAL_CONVERSION = YES;
				CLANG_WARN_OBJC_ROOT_CLASS = YES_ERROR;
				CLANG_WARN_QUOTED_INCLUDE_IN_FRAMEWORK_HEADER = YES;
				CLANG_WARN_RANGE_LOOP_ANALYSIS = YES;
				CLANG_WARN_STRICT_PROTOTYPES = YES;
				CLANG_WARN_SUSPICIOUS_MOVE = YES;
				CLANG_WARN_UNGUARDED_AVAILABILITY = YES_AGGRESSIVE;
				CLANG_WARN_UNREACHABLE_CODE = YES;
				CLANG_WARN__DUPLICATE_METHOD_MATCH = YES;
				COPY_PHASE_STRIP = NO;
				DEBUG_INFORMATION_FORMAT = "dwarf-with-dsym";
				ENABLE_NS_ASSERTIONS = NO;
				ENABLE_STRICT_OBJC_MSGSEND = YES;
				ENABLE_USER_SCRIPT_SANDBOXING = YES;
				GCC_C_LANGUAGE_STANDARD = gnu17;
				GCC_NO_COMMON_BLOCKS = YES;
				GCC_WARN_64_TO_32_BIT_CONVERSION = YES;
				GCC_WARN_ABOUT_RETURN_TYPE = YES_ERROR;
				GCC_WARN_UNDECLARED_SELECTOR = YES;
				GCC_WARN_UNINITIALIZED_AUTOS = YES_AGGRESSIVE;
				GCC_WARN_UNUSED_FUNCTION = YES;
				GCC_WARN_UNUSED_VARIABLE = YES;
				IPHONEOS_DEPLOYMENT_TARGET = 17.4;
				LOCALIZATION_PREFERS_STRING_CATALOGS = YES;
				MTL_ENABLE_DEBUG_INFO = NO;
				MTL_FAST_MATH = YES;
				SDKROOT = iphoneos;
				SWIFT_COMPILATION_MODE = wholemodule;
				VALIDATE_PRODUCT = YES;
			};
			name = Release;
		};
		B7BC8DDB2BE02AB9007F3892 /* Debug */ = {
			isa = XCBuildConfiguration;
			buildSettings = {
				ASSETCATALOG_COMPILER_APPICON_NAME = AppIcon;
				ASSETCATALOG_COMPILER_GLOBAL_ACCENT_COLOR_NAME = AccentColor;
				CODE_SIGN_STYLE = Automatic;
				CURRENT_PROJECT_VERSION = 1;
				DEVELOPMENT_TEAM = MCUPJSRB3C;
				GENERATE_INFOPLIST_FILE = YES;
				INFOPLIST_FILE = CityAirportSearch/Info.plist;
				INFOPLIST_KEY_UIApplicationSupportsIndirectInputEvents = YES;
				INFOPLIST_KEY_UILaunchStoryboardName = LaunchScreen;
				INFOPLIST_KEY_UIMainStoryboardFile = Main;
				INFOPLIST_KEY_UISupportedInterfaceOrientations_iPad = "UIInterfaceOrientationPortrait UIInterfaceOrientationPortraitUpsideDown UIInterfaceOrientationLandscapeLeft UIInterfaceOrientationLandscapeRight";
				INFOPLIST_KEY_UISupportedInterfaceOrientations_iPhone = "UIInterfaceOrientationPortrait UIInterfaceOrientationLandscapeLeft UIInterfaceOrientationLandscapeRight";
				LD_RUNPATH_SEARCH_PATHS = (
					"$(inherited)",
					"@executable_path/Frameworks",
				);
				MARKETING_VERSION = 1.0;
				PRODUCT_BUNDLE_IDENTIFIER = com.diana.app.CityAirportSearch;
				PRODUCT_NAME = "$(TARGET_NAME)";
				SWIFT_EMIT_LOC_STRINGS = YES;
				SWIFT_VERSION = 5.0;
				TARGETED_DEVICE_FAMILY = "1,2";
			};
			name = Debug;
		};
		B7BC8DDC2BE02AB9007F3892 /* Release */ = {
			isa = XCBuildConfiguration;
			buildSettings = {
				ASSETCATALOG_COMPILER_APPICON_NAME = AppIcon;
				ASSETCATALOG_COMPILER_GLOBAL_ACCENT_COLOR_NAME = AccentColor;
				CODE_SIGN_STYLE = Automatic;
				CURRENT_PROJECT_VERSION = 1;
				DEVELOPMENT_TEAM = MCUPJSRB3C;
				GENERATE_INFOPLIST_FILE = YES;
				INFOPLIST_FILE = CityAirportSearch/Info.plist;
				INFOPLIST_KEY_UIApplicationSupportsIndirectInputEvents = YES;
				INFOPLIST_KEY_UILaunchStoryboardName = LaunchScreen;
				INFOPLIST_KEY_UIMainStoryboardFile = Main;
				INFOPLIST_KEY_UISupportedInterfaceOrientations_iPad = "UIInterfaceOrientationPortrait UIInterfaceOrientationPortraitUpsideDown UIInterfaceOrientationLandscapeLeft UIInterfaceOrientationLandscapeRight";
				INFOPLIST_KEY_UISupportedInterfaceOrientations_iPhone = "UIInterfaceOrientationPortrait UIInterfaceOrientationLandscapeLeft UIInterfaceOrientationLandscapeRight";
				LD_RUNPATH_SEARCH_PATHS = (
					"$(inherited)",
					"@executable_path/Frameworks",
				);
				MARKETING_VERSION = 1.0;
				PRODUCT_BUNDLE_IDENTIFIER = com.diana.app.CityAirportSearch;
				PRODUCT_NAME = "$(TARGET_NAME)";
				SWIFT_EMIT_LOC_STRINGS = YES;
				SWIFT_VERSION = 5.0;
				TARGETED_DEVICE_FAMILY = "1,2";
			};
			name = Release;
		};
/* End XCBuildConfiguration section */

/* Begin XCConfigurationList section */
		B7BC8DBE2BE02AB8007F3892 /* Build configuration list for PBXProject "CityAirportSearch" */ = {
			isa = XCConfigurationList;
			buildConfigurations = (
				B7BC8DD82BE02AB9007F3892 /* Debug */,
				B7BC8DD92BE02AB9007F3892 /* Release */,
			);
			defaultConfigurationIsVisible = 0;
			defaultConfigurationName = Release;
		};
		B7BC8DDA2BE02AB9007F3892 /* Build configuration list for PBXNativeTarget "CityAirportSearch" */ = {
			isa = XCConfigurationList;
			buildConfigurations = (
				B7BC8DDB2BE02AB9007F3892 /* Debug */,
				B7BC8DDC2BE02AB9007F3892 /* Release */,
			);
			defaultConfigurationIsVisible = 0;
			defaultConfigurationName = Release;
		};
/* End XCConfigurationList section */

/* Begin XCRemoteSwiftPackageReference section */
		B7BC8DDD2BE03A98007F3892 /* XCRemoteSwiftPackageReference "RxSwift" */ = {
			isa = XCRemoteSwiftPackageReference;
			repositoryURL = "https://github.com/ReactiveX/RxSwift.git";
			requirement = {
				kind = upToNextMajorVersion;
				minimumVersion = 6.7.0;
			};
		};
		B7BC8DE92BE04219007F3892 /* XCRemoteSwiftPackageReference "RxDataSources" */ = {
			isa = XCRemoteSwiftPackageReference;
			repositoryURL = "https://github.com/RxSwiftCommunity/RxDataSources.git";
			requirement = {
				kind = upToNextMajorVersion;
				minimumVersion = 5.0.2;
			};
		};
/* End XCRemoteSwiftPackageReference section */

/* Begin XCSwiftPackageProductDependency section */
		B7BC8DDE2BE03A98007F3892 /* RxBlocking */ = {
			isa = XCSwiftPackageProductDependency;
			package = B7BC8DDD2BE03A98007F3892 /* XCRemoteSwiftPackageReference "RxSwift" */;
			productName = RxBlocking;
		};
		B7BC8DE02BE03A98007F3892 /* RxCocoa */ = {
			isa = XCSwiftPackageProductDependency;
			package = B7BC8DDD2BE03A98007F3892 /* XCRemoteSwiftPackageReference "RxSwift" */;
			productName = RxCocoa;
		};
		B7BC8DE22BE03A98007F3892 /* RxRelay */ = {
			isa = XCSwiftPackageProductDependency;
			package = B7BC8DDD2BE03A98007F3892 /* XCRemoteSwiftPackageReference "RxSwift" */;
			productName = RxRelay;
		};
		B7BC8DEA2BE04219007F3892 /* Differentiator */ = {
			isa = XCSwiftPackageProductDependency;
			package = B7BC8DE92BE04219007F3892 /* XCRemoteSwiftPackageReference "RxDataSources" */;
			productName = Differentiator;
		};
		B7BC8DEC2BE04219007F3892 /* RxDataSources */ = {
			isa = XCSwiftPackageProductDependency;
			package = B7BC8DE92BE04219007F3892 /* XCRemoteSwiftPackageReference "RxDataSources" */;
			productName = RxDataSources;
		};
/* End XCSwiftPackageProductDependency section */

/* Begin XCVersionGroup section */
		B7BC8DCF2BE02AB8007F3892 /* CityAirportSearch.xcdatamodeld */ = {
			isa = XCVersionGroup;
			children = (
				B7BC8DD02BE02AB8007F3892 /* CityAirportSearch.xcdatamodel */,
			);
			currentVersion = B7BC8DD02BE02AB8007F3892 /* CityAirportSearch.xcdatamodel */;
			path = CityAirportSearch.xcdatamodeld;
			sourceTree = "<group>";
			versionGroupType = wrapper.xcdatamodel;
		};
/* End XCVersionGroup section */
	};
	rootObject = B7BC8DBB2BE02AB8007F3892 /* Project object */;
}
